// !$*UTF8*$!
{
	archiveVersion = 1;
	classes = {
	};
	objectVersion = 52;
	objects = {

/* Begin PBXBuildFile section */
		8EC29678246BF89F00ADC662 /* AppDelegate.swift in Sources */ = {isa = PBXBuildFile; fileRef = 8EC29677246BF89F00ADC662 /* AppDelegate.swift */; };
		8EC2967A246BF89F00ADC662 /* SceneDelegate.swift in Sources */ = {isa = PBXBuildFile; fileRef = 8EC29679246BF89F00ADC662 /* SceneDelegate.swift */; };
		8EC2967D246BF89F00ADC662 /* UserRegistration.xcdatamodeld in Sources */ = {isa = PBXBuildFile; fileRef = 8EC2967B246BF89F00ADC662 /* UserRegistration.xcdatamodeld */; };
		8EC2967F246BF89F00ADC662 /* LoginView.swift in Sources */ = {isa = PBXBuildFile; fileRef = 8EC2967E246BF89F00ADC662 /* LoginView.swift */; };
		8EC29681246BF8A400ADC662 /* Assets.xcassets in Resources */ = {isa = PBXBuildFile; fileRef = 8EC29680246BF8A400ADC662 /* Assets.xcassets */; };
		8EC29684246BF8A400ADC662 /* Preview Assets.xcassets in Resources */ = {isa = PBXBuildFile; fileRef = 8EC29683246BF8A400ADC662 /* Preview Assets.xcassets */; };
		8EC29687246BF8A400ADC662 /* LaunchScreen.storyboard in Resources */ = {isa = PBXBuildFile; fileRef = 8EC29685246BF8A400ADC662 /* LaunchScreen.storyboard */; };
		8EC29690246C090800ADC662 /* Constant.swift in Sources */ = {isa = PBXBuildFile; fileRef = 8EC2968F246C090800ADC662 /* Constant.swift */; };
		8EC29693246C0ABC00ADC662 /* RegistrationModel.swift in Sources */ = {isa = PBXBuildFile; fileRef = 8EC29692246C0ABC00ADC662 /* RegistrationModel.swift */; };
		8EC29696246C0B5100ADC662 /* APIManager.swift in Sources */ = {isa = PBXBuildFile; fileRef = 8EC29695246C0B5100ADC662 /* APIManager.swift */; };
		8EC29699246C0CAB00ADC662 /* Alamofire in Frameworks */ = {isa = PBXBuildFile; productRef = 8EC29698246C0CAB00ADC662 /* Alamofire */; };
		8EC2969B246C0FC500ADC662 /* RegistrationView.swift in Sources */ = {isa = PBXBuildFile; fileRef = 8EC2969A246C0FC500ADC662 /* RegistrationView.swift */; };
		8EC2969D246C3C5B00ADC662 /* LabelTextField.swift in Sources */ = {isa = PBXBuildFile; fileRef = 8EC2969C246C3C5B00ADC662 /* LabelTextField.swift */; };
		8EC2969F246C883800ADC662 /* LoginModel.swift in Sources */ = {isa = PBXBuildFile; fileRef = 8EC2969E246C883800ADC662 /* LoginModel.swift */; };
/* End PBXBuildFile section */

/* Begin PBXFileReference section */
		8EC29674246BF89F00ADC662 /* UserRegistration.app */ = {isa = PBXFileReference; explicitFileType = wrapper.application; includeInIndex = 0; path = UserRegistration.app; sourceTree = BUILT_PRODUCTS_DIR; };
		8EC29677246BF89F00ADC662 /* AppDelegate.swift */ = {isa = PBXFileReference; lastKnownFileType = sourcecode.swift; path = AppDelegate.swift; sourceTree = "<group>"; };
		8EC29679246BF89F00ADC662 /* SceneDelegate.swift */ = {isa = PBXFileReference; lastKnownFileType = sourcecode.swift; path = SceneDelegate.swift; sourceTree = "<group>"; };
		8EC2967C246BF89F00ADC662 /* UserRegistration.xcdatamodel */ = {isa = PBXFileReference; lastKnownFileType = wrapper.xcdatamodel; path = UserRegistration.xcdatamodel; sourceTree = "<group>"; };
		8EC2967E246BF89F00ADC662 /* LoginView.swift */ = {isa = PBXFileReference; lastKnownFileType = sourcecode.swift; path = LoginView.swift; sourceTree = "<group>"; };
		8EC29680246BF8A400ADC662 /* Assets.xcassets */ = {isa = PBXFileReference; lastKnownFileType = folder.assetcatalog; path = Assets.xcassets; sourceTree = "<group>"; };
		8EC29683246BF8A400ADC662 /* Preview Assets.xcassets */ = {isa = PBXFileReference; lastKnownFileType = folder.assetcatalog; path = "Preview Assets.xcassets"; sourceTree = "<group>"; };
		8EC29686246BF8A400ADC662 /* Base */ = {isa = PBXFileReference; lastKnownFileType = file.storyboard; name = Base; path = Base.lproj/LaunchScreen.storyboard; sourceTree = "<group>"; };
		8EC29688246BF8A400ADC662 /* Info.plist */ = {isa = PBXFileReference; lastKnownFileType = text.plist.xml; path = Info.plist; sourceTree = "<group>"; };
		8EC2968F246C090800ADC662 /* Constant.swift */ = {isa = PBXFileReference; lastKnownFileType = sourcecode.swift; path = Constant.swift; sourceTree = "<group>"; };
		8EC29692246C0ABC00ADC662 /* RegistrationModel.swift */ = {isa = PBXFileReference; lastKnownFileType = sourcecode.swift; path = RegistrationModel.swift; sourceTree = "<group>"; };
		8EC29695246C0B5100ADC662 /* APIManager.swift */ = {isa = PBXFileReference; lastKnownFileType = sourcecode.swift; path = APIManager.swift; sourceTree = "<group>"; };
		8EC2969A246C0FC500ADC662 /* RegistrationView.swift */ = {isa = PBXFileReference; lastKnownFileType = sourcecode.swift; path = RegistrationView.swift; sourceTree = "<group>"; };
		8EC2969C246C3C5B00ADC662 /* LabelTextField.swift */ = {isa = PBXFileReference; lastKnownFileType = sourcecode.swift; path = LabelTextField.swift; sourceTree = "<group>"; };
		8EC2969E246C883800ADC662 /* LoginModel.swift */ = {isa = PBXFileReference; lastKnownFileType = sourcecode.swift; path = LoginModel.swift; sourceTree = "<group>"; };
/* End PBXFileReference section */

/* Begin PBXFrameworksBuildPhase section */
		8EC29671246BF89F00ADC662 /* Frameworks */ = {
			isa = PBXFrameworksBuildPhase;
			buildActionMask = 2147483647;
			files = (
				8EC29699246C0CAB00ADC662 /* Alamofire in Frameworks */,
			);
			runOnlyForDeploymentPostprocessing = 0;
		};
/* End PBXFrameworksBuildPhase section */

/* Begin PBXGroup section */
		8EC2966B246BF89F00ADC662 = {
			isa = PBXGroup;
			children = (
				8EC29676246BF89F00ADC662 /* UserRegistration */,
				8EC29675246BF89F00ADC662 /* Products */,
			);
			sourceTree = "<group>";
		};
		8EC29675246BF89F00ADC662 /* Products */ = {
			isa = PBXGroup;
			children = (
				8EC29674246BF89F00ADC662 /* UserRegistration.app */,
			);
			name = Products;
			sourceTree = "<group>";
		};
		8EC29676246BF89F00ADC662 /* UserRegistration */ = {
			isa = PBXGroup;
			children = (
				8EC29677246BF89F00ADC662 /* AppDelegate.swift */,
				8EC29679246BF89F00ADC662 /* SceneDelegate.swift */,
				8EC2967E246BF89F00ADC662 /* LoginView.swift */,
				8EC2969A246C0FC500ADC662 /* RegistrationView.swift */,
				8EC2969C246C3C5B00ADC662 /* LabelTextField.swift */,
				8EC29691246C0AA200ADC662 /* Model */,
				8EC2968E246C08EC00ADC662 /* Constant */,
				8EC29680246BF8A400ADC662 /* Assets.xcassets */,
				8EC29685246BF8A400ADC662 /* LaunchScreen.storyboard */,
				8EC29688246BF8A400ADC662 /* Info.plist */,
				8EC2967B246BF89F00ADC662 /* UserRegistration.xcdatamodeld */,
				8EC29682246BF8A400ADC662 /* Preview Content */,
			);
			path = UserRegistration;
			sourceTree = "<group>";
		};
		8EC29682246BF8A400ADC662 /* Preview Content */ = {
			isa = PBXGroup;
			children = (
				8EC29683246BF8A400ADC662 /* Preview Assets.xcassets */,
			);
			path = "Preview Content";
			sourceTree = "<group>";
		};
		8EC2968E246C08EC00ADC662 /* Constant */ = {
			isa = PBXGroup;
			children = (
				8EC29694246C0B3C00ADC662 /* APIManager */,
				8EC2968F246C090800ADC662 /* Constant.swift */,
			);
			path = Constant;
			sourceTree = "<group>";
		};
		8EC29691246C0AA200ADC662 /* Model */ = {
			isa = PBXGroup;
			children = (
				8EC29692246C0ABC00ADC662 /* RegistrationModel.swift */,
				8EC2969E246C883800ADC662 /* LoginModel.swift */,
			);
			path = Model;
			sourceTree = "<group>";
		};
		8EC29694246C0B3C00ADC662 /* APIManager */ = {
			isa = PBXGroup;
			children = (
				8EC29695246C0B5100ADC662 /* APIManager.swift */,
			);
			path = APIManager;
			sourceTree = "<group>";
		};
/* End PBXGroup section */

/* Begin PBXNativeTarget section */
		8EC29673246BF89F00ADC662 /* UserRegistration */ = {
			isa = PBXNativeTarget;
			buildConfigurationList = 8EC2968B246BF8A400ADC662 /* Build configuration list for PBXNativeTarget "UserRegistration" */;
			buildPhases = (
				8EC29670246BF89F00ADC662 /* Sources */,
				8EC29671246BF89F00ADC662 /* Frameworks */,
				8EC29672246BF89F00ADC662 /* Resources */,
			);
			buildRules = (
			);
			dependencies = (
			);
			name = UserRegistration;
			packageProductDependencies = (
				8EC29698246C0CAB00ADC662 /* Alamofire */,
			);
			productName = UserRegistration;
			productReference = 8EC29674246BF89F00ADC662 /* UserRegistration.app */;
			productType = "com.apple.product-type.application";
		};
/* End PBXNativeTarget section */

/* Begin PBXProject section */
		8EC2966C246BF89F00ADC662 /* Project object */ = {
			isa = PBXProject;
			attributes = {
				LastSwiftUpdateCheck = 1140;
				LastUpgradeCheck = 1140;
				ORGANIZATIONNAME = "Puneet Personal";
				TargetAttributes = {
					8EC29673246BF89F00ADC662 = {
						CreatedOnToolsVersion = 11.4.1;
					};
				};
			};
			buildConfigurationList = 8EC2966F246BF89F00ADC662 /* Build configuration list for PBXProject "UserRegistration" */;
			compatibilityVersion = "Xcode 9.3";
			developmentRegion = en;
			hasScannedForEncodings = 0;
			knownRegions = (
				en,
				Base,
			);
			mainGroup = 8EC2966B246BF89F00ADC662;
			packageReferences = (
				8EC29697246C0CAB00ADC662 /* XCRemoteSwiftPackageReference "Alamofire" */,
			);
			productRefGroup = 8EC29675246BF89F00ADC662 /* Products */;
			projectDirPath = "";
			projectRoot = "";
			targets = (
				8EC29673246BF89F00ADC662 /* UserRegistration */,
			);
		};
/* End PBXProject section */

/* Begin PBXResourcesBuildPhase section */
		8EC29672246BF89F00ADC662 /* Resources */ = {
			isa = PBXResourcesBuildPhase;
			buildActionMask = 2147483647;
			files = (
				8EC29687246BF8A400ADC662 /* LaunchScreen.storyboard in Resources */,
				8EC29684246BF8A400ADC662 /* Preview Assets.xcassets in Resources */,
				8EC29681246BF8A400ADC662 /* Assets.xcassets in Resources */,
			);
			runOnlyForDeploymentPostprocessing = 0;
		};
/* End PBXResourcesBuildPhase section */

/* Begin PBXSourcesBuildPhase section */
		8EC29670246BF89F00ADC662 /* Sources */ = {
			isa = PBXSourcesBuildPhase;
			buildActionMask = 2147483647;
			files = (
				8EC29678246BF89F00ADC662 /* AppDelegate.swift in Sources */,
				8EC2967A246BF89F00ADC662 /* SceneDelegate.swift in Sources */,
				8EC29693246C0ABC00ADC662 /* RegistrationModel.swift in Sources */,
				8EC29690246C090800ADC662 /* Constant.swift in Sources */,
				8EC2967F246BF89F00ADC662 /* LoginView.swift in Sources */,
				8EC2969F246C883800ADC662 /* LoginModel.swift in Sources */,
				8EC2967D246BF89F00ADC662 /* UserRegistration.xcdatamodeld in Sources */,
				8EC29696246C0B5100ADC662 /* APIManager.swift in Sources */,
				8EC2969B246C0FC500ADC662 /* RegistrationView.swift in Sources */,
				8EC2969D246C3C5B00ADC662 /* LabelTextField.swift in Sources */,
			);
			runOnlyForDeploymentPostprocessing = 0;
		};
/* End PBXSourcesBuildPhase section */

/* Begin PBXVariantGroup section */
		8EC29685246BF8A400ADC662 /* LaunchScreen.storyboard */ = {
			isa = PBXVariantGroup;
			children = (
				8EC29686246BF8A400ADC662 /* Base */,
			);
			name = LaunchScreen.storyboard;
			sourceTree = "<group>";
		};
/* End PBXVariantGroup section */

/* Begin XCBuildConfiguration section */
		8EC29689246BF8A400ADC662 /* Debug */ = {
			isa = XCBuildConfiguration;
			buildSettings = {
				ALWAYS_SEARCH_USER_PATHS = NO;
				CLANG_ANALYZER_NONNULL = YES;
				CLANG_ANALYZER_NUMBER_OBJECT_CONVERSION = YES_AGGRESSIVE;
				CLANG_CXX_LANGUAGE_STANDARD = "gnu++14";
				CLANG_CXX_LIBRARY = "libc++";
				CLANG_ENABLE_MODULES = YES;
				CLANG_ENABLE_OBJC_ARC = YES;
				CLANG_ENABLE_OBJC_WEAK = YES;
				CLANG_WARN_BLOCK_CAPTURE_AUTORELEASING = YES;
				CLANG_WARN_BOOL_CONVERSION = YES;
				CLANG_WARN_COMMA = YES;
				CLANG_WARN_CONSTANT_CONVERSION = YES;
				CLANG_WARN_DEPRECATED_OBJC_IMPLEMENTATIONS = YES;
				CLANG_WARN_DIRECT_OBJC_ISA_USAGE = YES_ERROR;
				CLANG_WARN_DOCUMENTATION_COMMENTS = YES;
				CLANG_WARN_EMPTY_BODY = YES;
				CLANG_WARN_ENUM_CONVERSION = YES;
				CLANG_WARN_INFINITE_RECURSION = YES;
				CLANG_WARN_INT_CONVERSION = YES;
				CLANG_WARN_NON_LITERAL_NULL_CONVERSION = YES;
				CLANG_WARN_OBJC_IMPLICIT_RETAIN_SELF = YES;
				CLANG_WARN_OBJC_LITERAL_CONVERSION = YES;
				CLANG_WARN_OBJC_ROOT_CLASS = YES_ERROR;
				CLANG_WARN_RANGE_LOOP_ANALYSIS = YES;
				CLANG_WARN_STRICT_PROTOTYPES = YES;
				CLANG_WARN_SUSPICIOUS_MOVE = YES;
				CLANG_WARN_UNGUARDED_AVAILABILITY = YES_AGGRESSIVE;
				CLANG_WARN_UNREACHABLE_CODE = YES;
				CLANG_WARN__DUPLICATE_METHOD_MATCH = YES;
				COPY_PHASE_STRIP = NO;
				DEBUG_INFORMATION_FORMAT = dwarf;
				ENABLE_STRICT_OBJC_MSGSEND = YES;
				ENABLE_TESTABILITY = YES;
				GCC_C_LANGUAGE_STANDARD = gnu11;
				GCC_DYNAMIC_NO_PIC = NO;
				GCC_NO_COMMON_BLOCKS = YES;
				GCC_OPTIMIZATION_LEVEL = 0;
				GCC_PREPROCESSOR_DEFINITIONS = (
					"DEBUG=1",
					"$(inherited)",
				);
				GCC_WARN_64_TO_32_BIT_CONVERSION = YES;
				GCC_WARN_ABOUT_RETURN_TYPE = YES_ERROR;
				GCC_WARN_UNDECLARED_SELECTOR = YES;
				GCC_WARN_UNINITIALIZED_AUTOS = YES_AGGRESSIVE;
				GCC_WARN_UNUSED_FUNCTION = YES;
				GCC_WARN_UNUSED_VARIABLE = YES;
				IPHONEOS_DEPLOYMENT_TARGET = 13.4;
				MTL_ENABLE_DEBUG_INFO = INCLUDE_SOURCE;
				MTL_FAST_MATH = YES;
				ONLY_ACTIVE_ARCH = YES;
				SDKROOT = iphoneos;
				SWIFT_ACTIVE_COMPILATION_CONDITIONS = DEBUG;
				SWIFT_OPTIMIZATION_LEVEL = "-Onone";
			};
			name = Debug;
		};
		8EC2968A246BF8A400ADC662 /* Release */ = {
			isa = XCBuildConfiguration;
			buildSettings = {
				ALWAYS_SEARCH_USER_PATHS = NO;
				CLANG_ANALYZER_NONNULL = YES;
				CLANG_ANALYZER_NUMBER_OBJECT_CONVERSION = YES_AGGRESSIVE;
				CLANG_CXX_LANGUAGE_STANDARD = "gnu++14";
				CLANG_CXX_LIBRARY = "libc++";
				CLANG_ENABLE_MODULES = YES;
				CLANG_ENABLE_OBJC_ARC = YES;
				CLANG_ENABLE_OBJC_WEAK = YES;
				CLANG_WARN_BLOCK_CAPTURE_AUTORELEASING = YES;
				CLANG_WARN_BOOL_CONVERSION = YES;
				CLANG_WARN_COMMA = YES;
				CLANG_WARN_CONSTANT_CONVERSION = YES;
				CLANG_WARN_DEPRECATED_OBJC_IMPLEMENTATIONS = YES;
				CLANG_WARN_DIRECT_OBJC_ISA_USAGE = YES_ERROR;
				CLANG_WARN_DOCUMENTATION_COMMENTS = YES;
				CLANG_WARN_EMPTY_BODY = YES;
				CLANG_WARN_ENUM_CONVERSION = YES;
				CLANG_WARN_INFINITE_RECURSION = YES;
				CLANG_WARN_INT_CONVERSION = YES;
				CLANG_WARN_NON_LITERAL_NULL_CONVERSION = YES;
				CLANG_WARN_OBJC_IMPLICIT_RETAIN_SELF = YES;
				CLANG_WARN_OBJC_LITERAL_CONVERSION = YES;
				CLANG_WARN_OBJC_ROOT_CLASS = YES_ERROR;
				CLANG_WARN_RANGE_LOOP_ANALYSIS = YES;
				CLANG_WARN_STRICT_PROTOTYPES = YES;
				CLANG_WARN_SUSPICIOUS_MOVE = YES;
				CLANG_WARN_UNGUARDED_AVAILABILITY = YES_AGGRESSIVE;
				CLANG_WARN_UNREACHABLE_CODE = YES;
				CLANG_WARN__DUPLICATE_METHOD_MATCH = YES;
				COPY_PHASE_STRIP = NO;
				DEBUG_INFORMATION_FORMAT = "dwarf-with-dsym";
				ENABLE_NS_ASSERTIONS = NO;
				ENABLE_STRICT_OBJC_MSGSEND = YES;
				GCC_C_LANGUAGE_STANDARD = gnu11;
				GCC_NO_COMMON_BLOCKS = YES;
				GCC_WARN_64_TO_32_BIT_CONVERSION = YES;
				GCC_WARN_ABOUT_RETURN_TYPE = YES_ERROR;
				GCC_WARN_UNDECLARED_SELECTOR = YES;
				GCC_WARN_UNINITIALIZED_AUTOS = YES_AGGRESSIVE;
				GCC_WARN_UNUSED_FUNCTION = YES;
				GCC_WARN_UNUSED_VARIABLE = YES;
				IPHONEOS_DEPLOYMENT_TARGET = 13.4;
				MTL_ENABLE_DEBUG_INFO = NO;
				MTL_FAST_MATH = YES;
				SDKROOT = iphoneos;
				SWIFT_COMPILATION_MODE = wholemodule;
				SWIFT_OPTIMIZATION_LEVEL = "-O";
				VALIDATE_PRODUCT = YES;
			};
			name = Release;
		};
		8EC2968C246BF8A400ADC662 /* Debug */ = {
			isa = XCBuildConfiguration;
			buildSettings = {
				ASSETCATALOG_COMPILER_APPICON_NAME = AppIcon;
				CODE_SIGN_IDENTITY = "Apple Development";
				CODE_SIGN_STYLE = Automatic;
				DEVELOPMENT_ASSET_PATHS = "\"UserRegistration/Preview Content\"";
				DEVELOPMENT_TEAM = L798UUDWH7;
				ENABLE_PREVIEWS = YES;
				INFOPLIST_FILE = UserRegistration/Info.plist;
				IPHONEOS_DEPLOYMENT_TARGET = 13.1;
				LD_RUNPATH_SEARCH_PATHS = (
					"$(inherited)",
					"@executable_path/Frameworks",
				);
				PRODUCT_BUNDLE_IDENTIFIER = com.personaldemo;
				PRODUCT_NAME = "$(TARGET_NAME)";
				PROVISIONING_PROFILE_SPECIFIER = "";
				SWIFT_VERSION = 5.0;
				TARGETED_DEVICE_FAMILY = "1,2";
			};
			name = Debug;
		};
		8EC2968D246BF8A400ADC662 /* Release */ = {
			isa = XCBuildConfiguration;
			buildSettings = {
				ASSETCATALOG_COMPILER_APPICON_NAME = AppIcon;
				CODE_SIGN_IDENTITY = "Apple Development";
				CODE_SIGN_STYLE = Automatic;
				DEVELOPMENT_ASSET_PATHS = "\"UserRegistration/Preview Content\"";
				DEVELOPMENT_TEAM = L798UUDWH7;
				ENABLE_PREVIEWS = YES;
				INFOPLIST_FILE = UserRegistration/Info.plist;
				IPHONEOS_DEPLOYMENT_TARGET = 13.1;
				LD_RUNPATH_SEARCH_PATHS = (
					"$(inherited)",
					"@executable_path/Frameworks",
				);
				PRODUCT_BUNDLE_IDENTIFIER = com.personaldemo;
				PRODUCT_NAME = "$(TARGET_NAME)";
				PROVISIONING_PROFILE_SPECIFIER = "";
				SWIFT_VERSION = 5.0;
				TARGETED_DEVICE_FAMILY = "1,2";
			};
			name = Release;
		};
/* End XCBuildConfiguration section */

/* Begin XCConfigurationList section */
		8EC2966F246BF89F00ADC662 /* Build configuration list for PBXProject "UserRegistration" */ = {
			isa = XCConfigurationList;
			buildConfigurations = (
				8EC29689246BF8A400ADC662 /* Debug */,
				8EC2968A246BF8A400ADC662 /* Release */,
			);
			defaultConfigurationIsVisible = 0;
			defaultConfigurationName = Release;
		};
		8EC2968B246BF8A400ADC662 /* Build configuration list for PBXNativeTarget "UserRegistration" */ = {
			isa = XCConfigurationList;
			buildConfigurations = (
				8EC2968C246BF8A400ADC662 /* Debug */,
				8EC2968D246BF8A400ADC662 /* Release */,
			);
			defaultConfigurationIsVisible = 0;
			defaultConfigurationName = Release;
		};
/* End XCConfigurationList section */

/* Begin XCRemoteSwiftPackageReference section */
		8EC29697246C0CAB00ADC662 /* XCRemoteSwiftPackageReference "Alamofire" */ = {
			isa = XCRemoteSwiftPackageReference;
			repositoryURL = "https://github.com/Alamofire/Alamofire.git";
			requirement = {
				kind = upToNextMajorVersion;
				minimumVersion = 5.1.0;
			};
		};
/* End XCRemoteSwiftPackageReference section */

/* Begin XCSwiftPackageProductDependency section */
		8EC29698246C0CAB00ADC662 /* Alamofire */ = {
			isa = XCSwiftPackageProductDependency;
			package = 8EC29697246C0CAB00ADC662 /* XCRemoteSwiftPackageReference "Alamofire" */;
			productName = Alamofire;
		};
/* End XCSwiftPackageProductDependency section */

/* Begin XCVersionGroup section */
		8EC2967B246BF89F00ADC662 /* UserRegistration.xcdatamodeld */ = {
			isa = XCVersionGroup;
			children = (
				8EC2967C246BF89F00ADC662 /* UserRegistration.xcdatamodel */,
			);
			currentVersion = 8EC2967C246BF89F00ADC662 /* UserRegistration.xcdatamodel */;
			path = UserRegistration.xcdatamodeld;
			sourceTree = "<group>";
			versionGroupType = wrapper.xcdatamodel;
		};
/* End XCVersionGroup section */
	};
	rootObject = 8EC2966C246BF89F00ADC662 /* Project object */;
}
